// !$*UTF8*$!
{
	archiveVersion = 1;
	classes = {
	};
	objectVersion = 77;
	objects = {

/* Begin PBXBuildFile section */
		037A2B58B6880297BADCB45D /* AgentBrowserView.swift in Sources */ = {isa = PBXBuildFile; fileRef = 1FF3EA46B24324C3B1F2F5DC /* AgentBrowserView.swift */; };
		123D177C3E6896EA255BE324 /* AgentEditorView.swift in Sources */ = {isa = PBXBuildFile; fileRef = 24DCA6A9F6EE6BFA83AAE6AA /* AgentEditorView.swift */; };
		2226A27ED509050740F4D7BA /* AgentStore.swift in Sources */ = {isa = PBXBuildFile; fileRef = 79206EAB67E62C165FBDB83C /* AgentStore.swift */; };
		246A829BF2586BCF0B964EFF /* AgentVault.swift in Sources */ = {isa = PBXBuildFile; fileRef = A31DCF03C38C28A0813B446F /* AgentVault.swift */; };
		31843B7889C7AF195E12320D /* AgentManagerWindowController.swift in Sources */ = {isa = PBXBuildFile; fileRef = 90F4403489DB8A802D91C1E8 /* AgentManagerWindowController.swift */; };
		335E686C979A17B919A83FF0 /* AgentManagerApp.swift in Sources */ = {isa = PBXBuildFile; fileRef = 3A99BE75BE160BAD6527535C /* AgentManagerApp.swift */; };
		408BBDED51EC85445E184089 /* AgentManagerTests.swift in Sources */ = {isa = PBXBuildFile; fileRef = E05591F149C2EB3942557A48 /* AgentManagerTests.swift */; };
		64D40FE1BCF64253FF8885A1 /* LibraryOptions.swift in Sources */ = {isa = PBXBuildFile; fileRef = 1AA6232EAA2065C21D6C9D9B /* LibraryOptions.swift */; };
		6E004170BA45EF9849CC05AA /* AgentRowView.swift in Sources */ = {isa = PBXBuildFile; fileRef = 281154C81C4C47E1CD0C3FBB /* AgentRowView.swift */; };
		A29E60EA0248E710548032CC /* OptionsStore.swift in Sources */ = {isa = PBXBuildFile; fileRef = EBDD1F8ED76CE99FFDE36EBF /* OptionsStore.swift */; };
		A87A0E44B0A7608D0EA83C47 /* AgentDetailView.swift in Sources */ = {isa = PBXBuildFile; fileRef = 1E0F9C3E94B6AD0DB77B93EF /* AgentDetailView.swift */; };
		A9FB21C46C22742650EAE9A5 /* Agent.swift in Sources */ = {isa = PBXBuildFile; fileRef = E79B6D99486C2FAD23858E05 /* Agent.swift */; };
		B8FB16FD6D37B59622D2E2D1 /* SettingsView.swift in Sources */ = {isa = PBXBuildFile; fileRef = 0E360E36573F4F820B8A1AF4 /* SettingsView.swift */; };
		D9DDF243044E372E8256037C /* ContentView.swift in Sources */ = {isa = PBXBuildFile; fileRef = 5567C2D793C1DBB07FEDB821 /* ContentView.swift */; };
		DDB867FD018BE128014E8761 /* AgentPack.swift in Sources */ = {isa = PBXBuildFile; fileRef = C152B87DE334D85279F8D5F8 /* AgentPack.swift */; };
		DF4099DAE70861895FB6BC06 /* GlobalHotKey.swift in Sources */ = {isa = PBXBuildFile; fileRef = 7B5E81BAE97249104BBC7B0B /* GlobalHotKey.swift */; };
		E45BE87221A755F4D6B99CDC /* SeedAgents.swift in Sources */ = {isa = PBXBuildFile; fileRef = 27CE6B6594343DF57A4BFDF3 /* SeedAgents.swift */; };
		EBA8505DBFC159C2815FD20C /* PromptPasteboard.swift in Sources */ = {isa = PBXBuildFile; fileRef = D9F1588F5A346D4E227581C3 /* PromptPasteboard.swift */; };
		FA05002ACA35D7EE0887A1D9 /* DisplayText.swift in Sources */ = {isa = PBXBuildFile; fileRef = 48FE7D85E5D10D4FE8E72A42 /* DisplayText.swift */; };
/* End PBXBuildFile section */

/* Begin PBXContainerItemProxy section */
		4B2BF2E2CA7320ABF8A916E0 /* PBXContainerItemProxy */ = {
			isa = PBXContainerItemProxy;
			containerPortal = FD3A65BF7B57C8C429D9ACFC /* Project object */;
			proxyType = 1;
			remoteGlobalIDString = DDF6C0B8E2F6F7654004E4DE;
			remoteInfo = AgentManager;
		};
/* End PBXContainerItemProxy section */

/* Begin PBXFileReference section */
		0E360E36573F4F820B8A1AF4 /* SettingsView.swift */ = {isa = PBXFileReference; lastKnownFileType = sourcecode.swift; path = SettingsView.swift; sourceTree = "<group>"; };
		1AA6232EAA2065C21D6C9D9B /* LibraryOptions.swift */ = {isa = PBXFileReference; lastKnownFileType = sourcecode.swift; path = LibraryOptions.swift; sourceTree = "<group>"; };
		1E0F9C3E94B6AD0DB77B93EF /* AgentDetailView.swift */ = {isa = PBXFileReference; lastKnownFileType = sourcecode.swift; path = AgentDetailView.swift; sourceTree = "<group>"; };
		1FF3EA46B24324C3B1F2F5DC /* AgentBrowserView.swift */ = {isa = PBXFileReference; lastKnownFileType = sourcecode.swift; path = AgentBrowserView.swift; sourceTree = "<group>"; };
		24DCA6A9F6EE6BFA83AAE6AA /* AgentEditorView.swift */ = {isa = PBXFileReference; lastKnownFileType = sourcecode.swift; path = AgentEditorView.swift; sourceTree = "<group>"; };
		27CE6B6594343DF57A4BFDF3 /* SeedAgents.swift */ = {isa = PBXFileReference; lastKnownFileType = sourcecode.swift; path = SeedAgents.swift; sourceTree = "<group>"; };
		281154C81C4C47E1CD0C3FBB /* AgentRowView.swift */ = {isa = PBXFileReference; lastKnownFileType = sourcecode.swift; path = AgentRowView.swift; sourceTree = "<group>"; };
		3A99BE75BE160BAD6527535C /* AgentManagerApp.swift */ = {isa = PBXFileReference; lastKnownFileType = sourcecode.swift; path = AgentManagerApp.swift; sourceTree = "<group>"; };
		48FE7D85E5D10D4FE8E72A42 /* DisplayText.swift */ = {isa = PBXFileReference; lastKnownFileType = sourcecode.swift; path = DisplayText.swift; sourceTree = "<group>"; };
		5567C2D793C1DBB07FEDB821 /* ContentView.swift */ = {isa = PBXFileReference; lastKnownFileType = sourcecode.swift; path = ContentView.swift; sourceTree = "<group>"; };
		79206EAB67E62C165FBDB83C /* AgentStore.swift */ = {isa = PBXFileReference; lastKnownFileType = sourcecode.swift; path = AgentStore.swift; sourceTree = "<group>"; };
		7B5E81BAE97249104BBC7B0B /* GlobalHotKey.swift */ = {isa = PBXFileReference; lastKnownFileType = sourcecode.swift; path = GlobalHotKey.swift; sourceTree = "<group>"; };
		90F4403489DB8A802D91C1E8 /* AgentManagerWindowController.swift */ = {isa = PBXFileReference; lastKnownFileType = sourcecode.swift; path = AgentManagerWindowController.swift; sourceTree = "<group>"; };
		A31DCF03C38C28A0813B446F /* AgentVault.swift */ = {isa = PBXFileReference; lastKnownFileType = sourcecode.swift; path = AgentVault.swift; sourceTree = "<group>"; };
		C152B87DE334D85279F8D5F8 /* AgentPack.swift */ = {isa = PBXFileReference; lastKnownFileType = sourcecode.swift; path = AgentPack.swift; sourceTree = "<group>"; };
		D55C97DDB7E84A4603D05DE9 /* AgentManagerTests.xctest */ = {isa = PBXFileReference; explicitFileType = wrapper.cfbundle; includeInIndex = 0; path = AgentManagerTests.xctest; sourceTree = BUILT_PRODUCTS_DIR; };
		D9F1588F5A346D4E227581C3 /* PromptPasteboard.swift */ = {isa = PBXFileReference; lastKnownFileType = sourcecode.swift; path = PromptPasteboard.swift; sourceTree = "<group>"; };
		DCD4A375FC35FDB968CBAB82 /* AgentManager.app */ = {isa = PBXFileReference; explicitFileType = wrapper.application; includeInIndex = 0; path = AgentManager.app; sourceTree = BUILT_PRODUCTS_DIR; };
		E05591F149C2EB3942557A48 /* AgentManagerTests.swift */ = {isa = PBXFileReference; lastKnownFileType = sourcecode.swift; path = AgentManagerTests.swift; sourceTree = "<group>"; };
		E79B6D99486C2FAD23858E05 /* Agent.swift */ = {isa = PBXFileReference; lastKnownFileType = sourcecode.swift; path = Agent.swift; sourceTree = "<group>"; };
		EBDD1F8ED76CE99FFDE36EBF /* OptionsStore.swift */ = {isa = PBXFileReference; lastKnownFileType = sourcecode.swift; path = OptionsStore.swift; sourceTree = "<group>"; };
/* End PBXFileReference section */

/* Begin PBXGroup section */
		34883460876722E61B92624B /* Views */ = {
			isa = PBXGroup;
			children = (
				1FF3EA46B24324C3B1F2F5DC /* AgentBrowserView.swift */,
				1E0F9C3E94B6AD0DB77B93EF /* AgentDetailView.swift */,
				24DCA6A9F6EE6BFA83AAE6AA /* AgentEditorView.swift */,
				281154C81C4C47E1CD0C3FBB /* AgentRowView.swift */,
				0E360E36573F4F820B8A1AF4 /* SettingsView.swift */,
			);
			path = Views;
			sourceTree = "<group>";
		};
		513A56DF045E3BF537ED9780 /* Support */ = {
			isa = PBXGroup;
			children = (
				90F4403489DB8A802D91C1E8 /* AgentManagerWindowController.swift */,
				48FE7D85E5D10D4FE8E72A42 /* DisplayText.swift */,
				7B5E81BAE97249104BBC7B0B /* GlobalHotKey.swift */,
				D9F1588F5A346D4E227581C3 /* PromptPasteboard.swift */,
			);
			path = Support;
			sourceTree = "<group>";
		};
		5A8EF3A70B56BA0E774C9705 /* AgentManager */ = {
			isa = PBXGroup;
			children = (
				3A99BE75BE160BAD6527535C /* AgentManagerApp.swift */,
				5567C2D793C1DBB07FEDB821 /* ContentView.swift */,
				5EC3611C617928E9C2DA29BE /* Data */,
				C9F1CCC6C3F8F19FA83B8C5F /* Models */,
				513A56DF045E3BF537ED9780 /* Support */,
				34883460876722E61B92624B /* Views */,
			);
			path = AgentManager;
			sourceTree = "<group>";
		};
		5EC3611C617928E9C2DA29BE /* Data */ = {
			isa = PBXGroup;
			children = (
				C152B87DE334D85279F8D5F8 /* AgentPack.swift */,
				79206EAB67E62C165FBDB83C /* AgentStore.swift */,
				A31DCF03C38C28A0813B446F /* AgentVault.swift */,
				1AA6232EAA2065C21D6C9D9B /* LibraryOptions.swift */,
				EBDD1F8ED76CE99FFDE36EBF /* OptionsStore.swift */,
				27CE6B6594343DF57A4BFDF3 /* SeedAgents.swift */,
			);
			path = Data;
			sourceTree = "<group>";
		};
		6982202C21B83839B1810334 = {
			isa = PBXGroup;
			children = (
				5A8EF3A70B56BA0E774C9705 /* AgentManager */,
				8D20851849E8C193068BEE7A /* AgentManagerTests */,
				72614D157D8759B27A92C692 /* Products */,
			);
			sourceTree = "<group>";
		};
		72614D157D8759B27A92C692 /* Products */ = {
			isa = PBXGroup;
			children = (
				DCD4A375FC35FDB968CBAB82 /* AgentManager.app */,
				D55C97DDB7E84A4603D05DE9 /* AgentManagerTests.xctest */,
			);
			name = Products;
			sourceTree = "<group>";
		};
		8D20851849E8C193068BEE7A /* AgentManagerTests */ = {
			isa = PBXGroup;
			children = (
				E05591F149C2EB3942557A48 /* AgentManagerTests.swift */,
			);
			path = AgentManagerTests;
			sourceTree = "<group>";
		};
		C9F1CCC6C3F8F19FA83B8C5F /* Models */ = {
			isa = PBXGroup;
			children = (
				E79B6D99486C2FAD23858E05 /* Agent.swift */,
			);
			path = Models;
			sourceTree = "<group>";
		};
/* End PBXGroup section */

/* Begin PBXNativeTarget section */
		DA21BBC446E37D6530B33D62 /* AgentManagerTests */ = {
			isa = PBXNativeTarget;
			buildConfigurationList = 62F8CB1CACE8425120DFDAEF /* Build configuration list for PBXNativeTarget "AgentManagerTests" */;
			buildPhases = (
				55F9B6F075BA3F42A3011050 /* Sources */,
			);
			buildRules = (
			);
			dependencies = (
				E5A0B9ADB3E22F560A8A9496 /* PBXTargetDependency */,
			);
			name = AgentManagerTests;
			packageProductDependencies = (
			);
			productName = AgentManagerTests;
			productReference = D55C97DDB7E84A4603D05DE9 /* AgentManagerTests.xctest */;
			productType = "com.apple.product-type.bundle.unit-test";
		};
		DDF6C0B8E2F6F7654004E4DE /* AgentManager */ = {
			isa = PBXNativeTarget;
			buildConfigurationList = 625C0AD99C0AC0B769AFB8FC /* Build configuration list for PBXNativeTarget "AgentManager" */;
			buildPhases = (
				DE23FEA210E44D068AC964A9 /* Sources */,
			);
			buildRules = (
			);
			dependencies = (
			);
			name = AgentManager;
			packageProductDependencies = (
			);
			productName = AgentManager;
			productReference = DCD4A375FC35FDB968CBAB82 /* AgentManager.app */;
			productType = "com.apple.product-type.application";
		};
/* End PBXNativeTarget section */

/* Begin PBXProject section */
		FD3A65BF7B57C8C429D9ACFC /* Project object */ = {
			isa = PBXProject;
			attributes = {
				BuildIndependentTargetsInParallel = YES;
				LastUpgradeCheck = 1430;
				TargetAttributes = {
				};
			};
			buildConfigurationList = 4E283608B60799A2BE15D5C6 /* Build configuration list for PBXProject "AgentManager" */;
			developmentRegion = en;
			hasScannedForEncodings = 0;
			knownRegions = (
				Base,
				en,
			);
			mainGroup = 6982202C21B83839B1810334;
			minimizedProjectReferenceProxies = 1;
			preferredProjectObjectVersion = 77;
			productRefGroup = 72614D157D8759B27A92C692 /* Products */;
			projectDirPath = "";
			projectRoot = "";
			targets = (
				DDF6C0B8E2F6F7654004E4DE /* AgentManager */,
				DA21BBC446E37D6530B33D62 /* AgentManagerTests */,
			);
		};
/* End PBXProject section */

/* Begin PBXSourcesBuildPhase section */
		55F9B6F075BA3F42A3011050 /* Sources */ = {
			isa = PBXSourcesBuildPhase;
			buildActionMask = 2147483647;
			files = (
				408BBDED51EC85445E184089 /* AgentManagerTests.swift in Sources */,
			);
			runOnlyForDeploymentPostprocessing = 0;
		};
		DE23FEA210E44D068AC964A9 /* Sources */ = {
			isa = PBXSourcesBuildPhase;
			buildActionMask = 2147483647;
			files = (
				A9FB21C46C22742650EAE9A5 /* Agent.swift in Sources */,
				037A2B58B6880297BADCB45D /* AgentBrowserView.swift in Sources */,
				A87A0E44B0A7608D0EA83C47 /* AgentDetailView.swift in Sources */,
				123D177C3E6896EA255BE324 /* AgentEditorView.swift in Sources */,
				335E686C979A17B919A83FF0 /* AgentManagerApp.swift in Sources */,
				31843B7889C7AF195E12320D /* AgentManagerWindowController.swift in Sources */,
				DDB867FD018BE128014E8761 /* AgentPack.swift in Sources */,
				6E004170BA45EF9849CC05AA /* AgentRowView.swift in Sources */,
				2226A27ED509050740F4D7BA /* AgentStore.swift in Sources */,
				246A829BF2586BCF0B964EFF /* AgentVault.swift in Sources */,
				D9DDF243044E372E8256037C /* ContentView.swift in Sources */,
				FA05002ACA35D7EE0887A1D9 /* DisplayText.swift in Sources */,
				DF4099DAE70861895FB6BC06 /* GlobalHotKey.swift in Sources */,
				64D40FE1BCF64253FF8885A1 /* LibraryOptions.swift in Sources */,
				A29E60EA0248E710548032CC /* OptionsStore.swift in Sources */,
				EBA8505DBFC159C2815FD20C /* PromptPasteboard.swift in Sources */,
				E45BE87221A755F4D6B99CDC /* SeedAgents.swift in Sources */,
				B8FB16FD6D37B59622D2E2D1 /* SettingsView.swift in Sources */,
			);
			runOnlyForDeploymentPostprocessing = 0;
		};
/* End PBXSourcesBuildPhase section */

/* Begin PBXTargetDependency section */
		E5A0B9ADB3E22F560A8A9496 /* PBXTargetDependency */ = {
			isa = PBXTargetDependency;
			target = DDF6C0B8E2F6F7654004E4DE /* AgentManager */;
			targetProxy = 4B2BF2E2CA7320ABF8A916E0 /* PBXContainerItemProxy */;
		};
/* End PBXTargetDependency section */

/* Begin XCBuildConfiguration section */
		31277531EAA6A6E6402CF1EF /* Debug */ = {
			isa = XCBuildConfiguration;
			buildSettings = {
				BUNDLE_LOADER = "$(TEST_HOST)";
				COMBINE_HIDPI_IMAGES = YES;
				GENERATE_INFOPLIST_FILE = YES;
				LD_RUNPATH_SEARCH_PATHS = (
					"$(inherited)",
					"@executable_path/../Frameworks",
					"@loader_path/../Frameworks",
				);
				PRODUCT_BUNDLE_IDENTIFIER = ca.octopusandson.AgentManagerTests;
				SDKROOT = macosx;
				TEST_HOST = "$(BUILT_PRODUCTS_DIR)/AgentManager.app/Contents/MacOS/AgentManager";
			};
			name = Debug;
		};
		33AF01C3336D16863A7AF343 /* Debug */ = {
			isa = XCBuildConfiguration;
			buildSettings = {
				ALWAYS_SEARCH_USER_PATHS = NO;
				CLANG_ANALYZER_NONNULL = YES;
				CLANG_ANALYZER_NUMBER_OBJECT_CONVERSION = YES_AGGRESSIVE;
				CLANG_CXX_LANGUAGE_STANDARD = "gnu++14";
				CLANG_CXX_LIBRARY = "libc++";
				CLANG_ENABLE_MODULES = YES;
				CLANG_ENABLE_OBJC_ARC = YES;
				CLANG_ENABLE_OBJC_WEAK = YES;
				CLANG_WARN_BLOCK_CAPTURE_AUTORELEASING = YES;
				CLANG_WARN_BOOL_CONVERSION = YES;
				CLANG_WARN_COMMA = YES;
				CLANG_WARN_CONSTANT_CONVERSION = YES;
				CLANG_WARN_DEPRECATED_OBJC_IMPLEMENTATIONS = YES;
				CLANG_WARN_DIRECT_OBJC_ISA_USAGE = YES_ERROR;
				CLANG_WARN_DOCUMENTATION_COMMENTS = YES;
				CLANG_WARN_EMPTY_BODY = YES;
				CLANG_WARN_ENUM_CONVERSION = YES;
				CLANG_WARN_INFINITE_RECURSION = YES;
				CLANG_WARN_INT_CONVERSION = YES;
				CLANG_WARN_NON_LITERAL_NULL_CONVERSION = YES;
				CLANG_WARN_OBJC_IMPLICIT_RETAIN_SELF = YES;
				CLANG_WARN_OBJC_LITERAL_CONVERSION = YES;
				CLANG_WARN_OBJC_ROOT_CLASS = YES_ERROR;
				CLANG_WARN_QUOTED_INCLUDE_IN_FRAMEWORK_HEADER = YES;
				CLANG_WARN_RANGE_LOOP_ANALYSIS = YES;
				CLANG_WARN_STRICT_PROTOTYPES = YES;
				CLANG_WARN_SUSPICIOUS_MOVE = YES;
				CLANG_WARN_UNGUARDED_AVAILABILITY = YES_AGGRESSIVE;
				CLANG_WARN_UNREACHABLE_CODE = YES;
				CLANG_WARN__DUPLICATE_METHOD_MATCH = YES;
				COPY_PHASE_STRIP = NO;
				DEBUG_INFORMATION_FORMAT = dwarf;
				ENABLE_STRICT_OBJC_MSGSEND = YES;
				ENABLE_TESTABILITY = YES;
				GCC_C_LANGUAGE_STANDARD = gnu11;
				GCC_DYNAMIC_NO_PIC = NO;
				GCC_NO_COMMON_BLOCKS = YES;
				GCC_OPTIMIZATION_LEVEL = 0;
				GCC_PREPROCESSOR_DEFINITIONS = (
					"$(inherited)",
					"DEBUG=1",
				);
				GCC_WARN_64_TO_32_BIT_CONVERSION = YES;
				GCC_WARN_ABOUT_RETURN_TYPE = YES_ERROR;
				GCC_WARN_UNDECLARED_SELECTOR = YES;
				GCC_WARN_UNINITIALIZED_AUTOS = YES_AGGRESSIVE;
				GCC_WARN_UNUSED_FUNCTION = YES;
				GCC_WARN_UNUSED_VARIABLE = YES;
				MACOSX_DEPLOYMENT_TARGET = 14.0;
				MTL_ENABLE_DEBUG_INFO = INCLUDE_SOURCE;
				MTL_FAST_MATH = YES;
				ONLY_ACTIVE_ARCH = YES;
				PRODUCT_NAME = "$(TARGET_NAME)";
				SDKROOT = macosx;
				SWIFT_ACTIVE_COMPILATION_CONDITIONS = DEBUG;
				SWIFT_OPTIMIZATION_LEVEL = "-Onone";
				SWIFT_VERSION = 5.0;
			};
			name = Debug;
		};
		355E612C8FA74BBE8925456C /* Release */ = {
			isa = XCBuildConfiguration;
			buildSettings = {
				ALWAYS_SEARCH_USER_PATHS = NO;
				CLANG_ANALYZER_NONNULL = YES;
				CLANG_ANALYZER_NUMBER_OBJECT_CONVERSION = YES_AGGRESSIVE;
				CLANG_CXX_LANGUAGE_STANDARD = "gnu++14";
				CLANG_CXX_LIBRARY = "libc++";
				CLANG_ENABLE_MODULES = YES;
				CLANG_ENABLE_OBJC_ARC = YES;
				CLANG_ENABLE_OBJC_WEAK = YES;
				CLANG_WARN_BLOCK_CAPTURE_AUTORELEASING = YES;
				CLANG_WARN_BOOL_CONVERSION = YES;
				CLANG_WARN_COMMA = YES;
				CLANG_WARN_CONSTANT_CONVERSION = YES;
				CLANG_WARN_DEPRECATED_OBJC_IMPLEMENTATIONS = YES;
				CLANG_WARN_DIRECT_OBJC_ISA_USAGE = YES_ERROR;
				CLANG_WARN_DOCUMENTATION_COMMENTS = YES;
				CLANG_WARN_EMPTY_BODY = YES;
				CLANG_WARN_ENUM_CONVERSION = YES;
				CLANG_WARN_INFINITE_RECURSION = YES;
				CLANG_WARN_INT_CONVERSION = YES;
				CLANG_WARN_NON_LITERAL_NULL_CONVERSION = YES;
				CLANG_WARN_OBJC_IMPLICIT_RETAIN_SELF = YES;
				CLANG_WARN_OBJC_LITERAL_CONVERSION = YES;
				CLANG_WARN_OBJC_ROOT_CLASS = YES_ERROR;
				CLANG_WARN_QUOTED_INCLUDE_IN_FRAMEWORK_HEADER = YES;
				CLANG_WARN_RANGE_LOOP_ANALYSIS = YES;
				CLANG_WARN_STRICT_PROTOTYPES = YES;
				CLANG_WARN_SUSPICIOUS_MOVE = YES;
				CLANG_WARN_UNGUARDED_AVAILABILITY = YES_AGGRESSIVE;
				CLANG_WARN_UNREACHABLE_CODE = YES;
				CLANG_WARN__DUPLICATE_METHOD_MATCH = YES;
				COPY_PHASE_STRIP = NO;
				DEBUG_INFORMATION_FORMAT = "dwarf-with-dsym";
				ENABLE_NS_ASSERTIONS = NO;
				ENABLE_STRICT_OBJC_MSGSEND = YES;
				GCC_C_LANGUAGE_STANDARD = gnu11;
				GCC_NO_COMMON_BLOCKS = YES;
				GCC_WARN_64_TO_32_BIT_CONVERSION = YES;
				GCC_WARN_ABOUT_RETURN_TYPE = YES_ERROR;
				GCC_WARN_UNDECLARED_SELECTOR = YES;
				GCC_WARN_UNINITIALIZED_AUTOS = YES_AGGRESSIVE;
				GCC_WARN_UNUSED_FUNCTION = YES;
				GCC_WARN_UNUSED_VARIABLE = YES;
				MACOSX_DEPLOYMENT_TARGET = 14.0;
				MTL_ENABLE_DEBUG_INFO = NO;
				MTL_FAST_MATH = YES;
				PRODUCT_NAME = "$(TARGET_NAME)";
				SDKROOT = macosx;
				SWIFT_COMPILATION_MODE = wholemodule;
				SWIFT_OPTIMIZATION_LEVEL = "-O";
				SWIFT_VERSION = 5.0;
			};
			name = Release;
		};
		6175EA4E9577438EE1FB51CF /* Debug */ = {
			isa = XCBuildConfiguration;
			buildSettings = {
				ASSETCATALOG_COMPILER_APPICON_NAME = AppIcon;
				COMBINE_HIDPI_IMAGES = YES;
				CURRENT_PROJECT_VERSION = 1;
				GENERATE_INFOPLIST_FILE = YES;
				LD_RUNPATH_SEARCH_PATHS = (
					"$(inherited)",
					"@executable_path/../Frameworks",
				);
				MARKETING_VERSION = 0.1.0;
				PRODUCT_BUNDLE_IDENTIFIER = ca.octopusandson.AgentManager;
				SDKROOT = macosx;
			};
			name = Debug;
		};
		C9807035A1F18483B504968A /* Release */ = {
			isa = XCBuildConfiguration;
			buildSettings = {
				ASSETCATALOG_COMPILER_APPICON_NAME = AppIcon;
				COMBINE_HIDPI_IMAGES = YES;
				CURRENT_PROJECT_VERSION = 1;
				GENERATE_INFOPLIST_FILE = YES;
				LD_RUNPATH_SEARCH_PATHS = (
					"$(inherited)",
					"@executable_path/../Frameworks",
				);
				MARKETING_VERSION = 0.1.0;
				PRODUCT_BUNDLE_IDENTIFIER = ca.octopusandson.AgentManager;
				SDKROOT = macosx;
			};
			name = Release;
		};
		CE3142E31021AE21692165ED /* Release */ = {
			isa = XCBuildConfiguration;
			buildSettings = {
				BUNDLE_LOADER = "$(TEST_HOST)";
				COMBINE_HIDPI_IMAGES = YES;
				GENERATE_INFOPLIST_FILE = YES;
				LD_RUNPATH_SEARCH_PATHS = (
					"$(inherited)",
					"@executable_path/../Frameworks",
					"@loader_path/../Frameworks",
				);
				PRODUCT_BUNDLE_IDENTIFIER = ca.octopusandson.AgentManagerTests;
				SDKROOT = macosx;
				TEST_HOST = "$(BUILT_PRODUCTS_DIR)/AgentManager.app/Contents/MacOS/AgentManager";
			};
			name = Release;
		};
/* End XCBuildConfiguration section */

/* Begin XCConfigurationList section */
		4E283608B60799A2BE15D5C6 /* Build configuration list for PBXProject "AgentManager" */ = {
			isa = XCConfigurationList;
			buildConfigurations = (
				33AF01C3336D16863A7AF343 /* Debug */,
				355E612C8FA74BBE8925456C /* Release */,
			);
			defaultConfigurationIsVisible = 0;
			defaultConfigurationName = Debug;
		};
		625C0AD99C0AC0B769AFB8FC /* Build configuration list for PBXNativeTarget "AgentManager" */ = {
			isa = XCConfigurationList;
			buildConfigurations = (
				6175EA4E9577438EE1FB51CF /* Debug */,
				C9807035A1F18483B504968A /* Release */,
			);
			defaultConfigurationIsVisible = 0;
			defaultConfigurationName = Debug;
		};
		62F8CB1CACE8425120DFDAEF /* Build configuration list for PBXNativeTarget "AgentManagerTests" */ = {
			isa = XCConfigurationList;
			buildConfigurations = (
				31277531EAA6A6E6402CF1EF /* Debug */,
				CE3142E31021AE21692165ED /* Release */,
			);
			defaultConfigurationIsVisible = 0;
			defaultConfigurationName = Debug;
		};
/* End XCConfigurationList section */
	};
	rootObject = FD3A65BF7B57C8C429D9ACFC /* Project object */;
}
